
Microsoft Visual Studio Solution File, Format Version 12.00
# Visual Studio Version 17
VisualStudioVersion = 17.6.33815.320
MinimumVisualStudioVersion = 10.0.40219.1
Project("{FAE04EC0-301F-11D3-BF4B-00C04F79EFBC}") = "PS Registrar", "PS Registrar\PS Registrar.csproj", "{432F8239-73B8-4ADD-BC85-A05399B09C12}"
EndProject
Global
	GlobalSection(SolutionConfigurationPlatforms) = preSolution
		Debug|Any CPU = Debug|Any CPU
		Release|Any CPU = Release|Any CPU
	EndGlobalSection
	GlobalSection(ProjectConfigurationPlatforms) = postSolution
		{432F8239-73B8-4ADD-BC85-A05399B09C12}.Debug|Any CPU.ActiveCfg = Debug|Any CPU
		{432F8239-73B8-4ADD-BC85-A05399B09C12}.Debug|Any CPU.Build.0 = Debug|Any CPU
		{432F8239-73B8-4ADD-BC85-A05399B09C12}.Release|Any CPU.ActiveCfg = Release|Any CPU
		{432F8239-73B8-4ADD-BC85-A05399B09C12}.Release|Any CPU.Build.0 = Release|Any CPU
	EndGlobalSection
	GlobalSection(SolutionProperties) = preSolution
		HideSolutionNode = FALSE
	EndGlobalSection
	GlobalSection(ExtensibilityGlobals) = postSolution
		SolutionGuid = {52D30035-A071-479C-AFE5-FFB2FCDDF6DD}
	EndGlobalSection
EndGlobal
